
Microsoft Visual Studio Solution File, Format Version 12.00
# Visual Studio Version 17
VisualStudioVersion = 17.9.34622.214
MinimumVisualStudioVersion = 10.0.40219.1
Project("{9A19103F-16F7-4668-BE54-9A1E7A4F7556}") = "ProductCategory", "ProductCategory2\ProductCategory.csproj", "{1131A634-2B47-413D-BD36-62636F3B7393}"
EndProject
Global
	GlobalSection(SolutionConfigurationPlatforms) = preSolution
		Debug|Any CPU = Debug|Any CPU
		Release|Any CPU = Release|Any CPU
	EndGlobalSection
	GlobalSection(ProjectConfigurationPlatforms) = postSolution
		{1131A634-2B47-413D-BD36-62636F3B7393}.Debug|Any CPU.ActiveCfg = Debug|Any CPU
		{1131A634-2B47-413D-BD36-62636F3B7393}.Debug|Any CPU.Build.0 = Debug|Any CPU
		{1131A634-2B47-413D-BD36-62636F3B7393}.Release|Any CPU.ActiveCfg = Release|Any CPU
		{1131A634-2B47-413D-BD36-62636F3B7393}.Release|Any CPU.Build.0 = Release|Any CPU
	EndGlobalSection
	GlobalSection(SolutionProperties) = preSolution
		HideSolutionNode = FALSE
	EndGlobalSection
	GlobalSection(ExtensibilityGlobals) = postSolution
		SolutionGuid = {B517725C-C814-4D62-BE2B-1DB0630106CF}
	EndGlobalSection
EndGlobal
